Microsoft Visual Studio Solution File, Format Version 12.00
# Visual Studio Version 17
VisualStudioVersion = 17.5.2.0
MinimumVisualStudioVersion = 10.0.40219.1
Project("{2150E333-8FDC-42A3-9474-1A3956D46DE8}") = "resource-service", "resource-service", "{53FE95FC-F8DA-08E1-D425-D80AB217440A}"
EndProject
Project("{2150E333-8FDC-42A3-9474-1A3956D46DE8}") = "auth-service", "auth-service", "{0034DDB9-D8DB-19F2-E616-15F2258A817C}"
EndProject
Project("{FAE04EC0-301F-11D3-BF4B-00C04F79EFBC}") = "ResourceService", "resource-service\ResourceService.csproj", "{75FF80EC-9731-F25A-1BA9-10A9E3F5B830}"
EndProject
Project("{FAE04EC0-301F-11D3-BF4B-00C04F79EFBC}") = "AuthService", "auth-service\AuthService.csproj", "{94F48A4E-4053-9BCC-71CA-E4538DFFFA56}"
EndProject
Global
	GlobalSection(SolutionConfigurationPlatforms) = preSolution
		Debug|Any CPU = Debug|Any CPU
		Release|Any CPU = Release|Any CPU
	EndGlobalSection
	GlobalSection(ProjectConfigurationPlatforms) = postSolution
		{75FF80EC-9731-F25A-1BA9-10A9E3F5B830}.Debug|Any CPU.ActiveCfg = Debug|Any CPU
		{75FF80EC-9731-F25A-1BA9-10A9E3F5B830}.Debug|Any CPU.Build.0 = Debug|Any CPU
		{75FF80EC-9731-F25A-1BA9-10A9E3F5B830}.Release|Any CPU.ActiveCfg = Release|Any CPU
		{75FF80EC-9731-F25A-1BA9-10A9E3F5B830}.Release|Any CPU.Build.0 = Release|Any CPU
		{94F48A4E-4053-9BCC-71CA-E4538DFFFA56}.Debug|Any CPU.ActiveCfg = Debug|Any CPU
		{94F48A4E-4053-9BCC-71CA-E4538DFFFA56}.Debug|Any CPU.Build.0 = Debug|Any CPU
		{94F48A4E-4053-9BCC-71CA-E4538DFFFA56}.Release|Any CPU.ActiveCfg = Release|Any CPU
		{94F48A4E-4053-9BCC-71CA-E4538DFFFA56}.Release|Any CPU.Build.0 = Release|Any CPU
	EndGlobalSection
	GlobalSection(SolutionProperties) = preSolution
		HideSolutionNode = FALSE
	EndGlobalSection
	GlobalSection(NestedProjects) = preSolution
		{75FF80EC-9731-F25A-1BA9-10A9E3F5B830} = {53FE95FC-F8DA-08E1-D425-D80AB217440A}
		{94F48A4E-4053-9BCC-71CA-E4538DFFFA56} = {0034DDB9-D8DB-19F2-E616-15F2258A817C}
	EndGlobalSection
	GlobalSection(ExtensibilityGlobals) = postSolution
		SolutionGuid = {9F85CEC1-A910-42A2-AE79-E16BF426AFBA}
	EndGlobalSection
EndGlobal
